// !$*UTF8*$!
{
	archiveVersion = 1;
	classes = {
	};
	objectVersion = 50;
	objects = {

/* Begin PBXBuildFile section */
		018DB4112086FF81000F976F /* AppDelegate.swift in Sources */ = {isa = PBXBuildFile; fileRef = 018DB4102086FF81000F976F /* AppDelegate.swift */; };
		018DB4132086FF81000F976F /* ViewController.swift in Sources */ = {isa = PBXBuildFile; fileRef = 018DB4122086FF81000F976F /* ViewController.swift */; };
		018DB4162086FF81000F976F /* Main.storyboard in Resources */ = {isa = PBXBuildFile; fileRef = 018DB4142086FF81000F976F /* Main.storyboard */; };
		018DB4182086FF83000F976F /* Assets.xcassets in Resources */ = {isa = PBXBuildFile; fileRef = 018DB4172086FF83000F976F /* Assets.xcassets */; };
		018DB41B2086FF83000F976F /* LaunchScreen.storyboard in Resources */ = {isa = PBXBuildFile; fileRef = 018DB4192086FF83000F976F /* LaunchScreen.storyboard */; };
		018DB4262086FF83000F976F /* FinancingAppTests.swift in Sources */ = {isa = PBXBuildFile; fileRef = 018DB4252086FF83000F976F /* FinancingAppTests.swift */; };
		018DB4312086FF83000F976F /* FinancingAppUITests.swift in Sources */ = {isa = PBXBuildFile; fileRef = 018DB4302086FF83000F976F /* FinancingAppUITests.swift */; };
/* End PBXBuildFile section */

/* Begin PBXContainerItemProxy section */
		018DB4222086FF83000F976F /* PBXContainerItemProxy */ = {
			isa = PBXContainerItemProxy;
			containerPortal = 018DB4052086FF81000F976F /* Project object */;
			proxyType = 1;
			remoteGlobalIDString = 018DB40C2086FF81000F976F;
			remoteInfo = FinancingApp;
		};
		018DB42D2086FF83000F976F /* PBXContainerItemProxy */ = {
			isa = PBXContainerItemProxy;
			containerPortal = 018DB4052086FF81000F976F /* Project object */;
			proxyType = 1;
			remoteGlobalIDString = 018DB40C2086FF81000F976F;
			remoteInfo = FinancingApp;
		};
/* End PBXContainerItemProxy section */

/* Begin PBXFileReference section */
		018DB40D2086FF81000F976F /* FinancingApp.app */ = {isa = PBXFileReference; explicitFileType = wrapper.application; includeInIndex = 0; path = FinancingApp.app; sourceTree = BUILT_PRODUCTS_DIR; };
		018DB4102086FF81000F976F /* AppDelegate.swift */ = {isa = PBXFileReference; lastKnownFileType = sourcecode.swift; path = AppDelegate.swift; sourceTree = "<group>"; };
		018DB4122086FF81000F976F /* ViewController.swift */ = {isa = PBXFileReference; lastKnownFileType = sourcecode.swift; path = ViewController.swift; sourceTree = "<group>"; };
		018DB4152086FF81000F976F /* Base */ = {isa = PBXFileReference; lastKnownFileType = file.storyboard; name = Base; path = Base.lproj/Main.storyboard; sourceTree = "<group>"; };
		018DB4172086FF83000F976F /* Assets.xcassets */ = {isa = PBXFileReference; lastKnownFileType = folder.assetcatalog; path = Assets.xcassets; sourceTree = "<group>"; };
		018DB41A2086FF83000F976F /* Base */ = {isa = PBXFileReference; lastKnownFileType = file.storyboard; name = Base; path = Base.lproj/LaunchScreen.storyboard; sourceTree = "<group>"; };
		018DB41C2086FF83000F976F /* Info.plist */ = {isa = PBXFileReference; lastKnownFileType = text.plist.xml; path = Info.plist; sourceTree = "<group>"; };
		018DB4212086FF83000F976F /* FinancingAppTests.xctest */ = {isa = PBXFileReference; explicitFileType = wrapper.cfbundle; includeInIndex = 0; path = FinancingAppTests.xctest; sourceTree = BUILT_PRODUCTS_DIR; };
		018DB4252086FF83000F976F /* FinancingAppTests.swift */ = {isa = PBXFileReference; lastKnownFileType = sourcecode.swift; path = FinancingAppTests.swift; sourceTree = "<group>"; };
		018DB4272086FF83000F976F /* Info.plist */ = {isa = PBXFileReference; lastKnownFileType = text.plist.xml; path = Info.plist; sourceTree = "<group>"; };
		018DB42C2086FF83000F976F /* FinancingAppUITests.xctest */ = {isa = PBXFileReference; explicitFileType = wrapper.cfbundle; includeInIndex = 0; path = FinancingAppUITests.xctest; sourceTree = BUILT_PRODUCTS_DIR; };
		018DB4302086FF83000F976F /* FinancingAppUITests.swift */ = {isa = PBXFileReference; lastKnownFileType = sourcecode.swift; path = FinancingAppUITests.swift; sourceTree = "<group>"; };
		018DB4322086FF83000F976F /* Info.plist */ = {isa = PBXFileReference; lastKnownFileType = text.plist.xml; path = Info.plist; sourceTree = "<group>"; };
/* End PBXFileReference section */

/* Begin PBXFrameworksBuildPhase section */
		018DB40A2086FF81000F976F /* Frameworks */ = {
			isa = PBXFrameworksBuildPhase;
			buildActionMask = 2147483647;
			files = (
			);
			runOnlyForDeploymentPostprocessing = 0;
		};
		018DB41E2086FF83000F976F /* Frameworks */ = {
			isa = PBXFrameworksBuildPhase;
			buildActionMask = 2147483647;
			files = (
			);
			runOnlyForDeploymentPostprocessing = 0;
		};
		018DB4292086FF83000F976F /* Frameworks */ = {
			isa = PBXFrameworksBuildPhase;
			buildActionMask = 2147483647;
			files = (
			);
			runOnlyForDeploymentPostprocessing = 0;
		};
/* End PBXFrameworksBuildPhase section */

/* Begin PBXGroup section */
		018DB4042086FF81000F976F = {
			isa = PBXGroup;
			children = (
				018DB40F2086FF81000F976F /* FinancingApp */,
				018DB4242086FF83000F976F /* FinancingAppTests */,
				018DB42F2086FF83000F976F /* FinancingAppUITests */,
				018DB40E2086FF81000F976F /* Products */,
			);
			sourceTree = "<group>";
		};
		018DB40E2086FF81000F976F /* Products */ = {
			isa = PBXGroup;
			children = (
				018DB40D2086FF81000F976F /* FinancingApp.app */,
				018DB4212086FF83000F976F /* FinancingAppTests.xctest */,
				018DB42C2086FF83000F976F /* FinancingAppUITests.xctest */,
			);
			name = Products;
			sourceTree = "<group>";
		};
		018DB40F2086FF81000F976F /* FinancingApp */ = {
			isa = PBXGroup;
			children = (
				018DB4102086FF81000F976F /* AppDelegate.swift */,
				018DB4122086FF81000F976F /* ViewController.swift */,
				018DB4142086FF81000F976F /* Main.storyboard */,
				018DB4172086FF83000F976F /* Assets.xcassets */,
				018DB4192086FF83000F976F /* LaunchScreen.storyboard */,
				018DB41C2086FF83000F976F /* Info.plist */,
			);
			path = FinancingApp;
			sourceTree = "<group>";
		};
		018DB4242086FF83000F976F /* FinancingAppTests */ = {
			isa = PBXGroup;
			children = (
				018DB4252086FF83000F976F /* FinancingAppTests.swift */,
				018DB4272086FF83000F976F /* Info.plist */,
			);
			path = FinancingAppTests;
			sourceTree = "<group>";
		};
		018DB42F2086FF83000F976F /* FinancingAppUITests */ = {
			isa = PBXGroup;
			children = (
				018DB4302086FF83000F976F /* FinancingAppUITests.swift */,
				018DB4322086FF83000F976F /* Info.plist */,
			);
			path = FinancingAppUITests;
			sourceTree = "<group>";
		};
/* End PBXGroup section */

/* Begin PBXNativeTarget section */
		018DB40C2086FF81000F976F /* FinancingApp */ = {
			isa = PBXNativeTarget;
			buildConfigurationList = 018DB4352086FF83000F976F /* Build configuration list for PBXNativeTarget "FinancingApp" */;
			buildPhases = (
				018DB4092086FF81000F976F /* Sources */,
				018DB40A2086FF81000F976F /* Frameworks */,
				018DB40B2086FF81000F976F /* Resources */,
			);
			buildRules = (
			);
			dependencies = (
			);
			name = FinancingApp;
			productName = FinancingApp;
			productReference = 018DB40D2086FF81000F976F /* FinancingApp.app */;
			productType = "com.apple.product-type.application";
		};
		018DB4202086FF83000F976F /* FinancingAppTests */ = {
			isa = PBXNativeTarget;
			buildConfigurationList = 018DB4382086FF83000F976F /* Build configuration list for PBXNativeTarget "FinancingAppTests" */;
			buildPhases = (
				018DB41D2086FF83000F976F /* Sources */,
				018DB41E2086FF83000F976F /* Frameworks */,
				018DB41F2086FF83000F976F /* Resources */,
			);
			buildRules = (
			);
			dependencies = (
				018DB4232086FF83000F976F /* PBXTargetDependency */,
			);
			name = FinancingAppTests;
			productName = FinancingAppTests;
			productReference = 018DB4212086FF83000F976F /* FinancingAppTests.xctest */;
			productType = "com.apple.product-type.bundle.unit-test";
		};
		018DB42B2086FF83000F976F /* FinancingAppUITests */ = {
			isa = PBXNativeTarget;
			buildConfigurationList = 018DB43B2086FF83000F976F /* Build configuration list for PBXNativeTarget "FinancingAppUITests" */;
			buildPhases = (
				018DB4282086FF83000F976F /* Sources */,
				018DB4292086FF83000F976F /* Frameworks */,
				018DB42A2086FF83000F976F /* Resources */,
			);
			buildRules = (
			);
			dependencies = (
				018DB42E2086FF83000F976F /* PBXTargetDependency */,
			);
			name = FinancingAppUITests;
			productName = FinancingAppUITests;
			productReference = 018DB42C2086FF83000F976F /* FinancingAppUITests.xctest */;
			productType = "com.apple.product-type.bundle.ui-testing";
		};
/* End PBXNativeTarget section */

/* Begin PBXProject section */
		018DB4052086FF81000F976F /* Project object */ = {
			isa = PBXProject;
			attributes = {
				LastSwiftUpdateCheck = 0930;
				LastUpgradeCheck = 0930;
				ORGANIZATIONNAME = Nick;
				TargetAttributes = {
					018DB40C2086FF81000F976F = {
						CreatedOnToolsVersion = 9.3;
					};
					018DB4202086FF83000F976F = {
						CreatedOnToolsVersion = 9.3;
						TestTargetID = 018DB40C2086FF81000F976F;
					};
					018DB42B2086FF83000F976F = {
						CreatedOnToolsVersion = 9.3;
						TestTargetID = 018DB40C2086FF81000F976F;
					};
				};
			};
			buildConfigurationList = 018DB4082086FF81000F976F /* Build configuration list for PBXProject "FinancingApp" */;
			compatibilityVersion = "Xcode 9.3";
			developmentRegion = en;
			hasScannedForEncodings = 0;
			knownRegions = (
				en,
				Base,
			);
			mainGroup = 018DB4042086FF81000F976F;
			productRefGroup = 018DB40E2086FF81000F976F /* Products */;
			projectDirPath = "";
			projectRoot = "";
			targets = (
				018DB40C2086FF81000F976F /* FinancingApp */,
				018DB4202086FF83000F976F /* FinancingAppTests */,
				018DB42B2086FF83000F976F /* FinancingAppUITests */,
			);
		};
/* End PBXProject section */

/* Begin PBXResourcesBuildPhase section */
		018DB40B2086FF81000F976F /* Resources */ = {
			isa = PBXResourcesBuildPhase;
			buildActionMask = 2147483647;
			files = (
				018DB41B2086FF83000F976F /* LaunchScreen.storyboard in Resources */,
				018DB4182086FF83000F976F /* Assets.xcassets in Resources */,
				018DB4162086FF81000F976F /* Main.storyboard in Resources */,
			);
			runOnlyForDeploymentPostprocessing = 0;
		};
		018DB41F2086FF83000F976F /* Resources */ = {
			isa = PBXResourcesBuildPhase;
			buildActionMask = 2147483647;
			files = (
			);
			runOnlyForDeploymentPostprocessing = 0;
		};
		018DB42A2086FF83000F976F /* Resources */ = {
			isa = PBXResourcesBuildPhase;
			buildActionMask = 2147483647;
			files = (
			);
			runOnlyForDeploymentPostprocessing = 0;
		};
/* End PBXResourcesBuildPhase section */

/* Begin PBXSourcesBuildPhase section */
		018DB4092086FF81000F976F /* Sources */ = {
			isa = PBXSourcesBuildPhase;
			buildActionMask = 2147483647;
			files = (
				018DB4132086FF81000F976F /* ViewController.swift in Sources */,
				018DB4112086FF81000F976F /* AppDelegate.swift in Sources */,
			);
			runOnlyForDeploymentPostprocessing = 0;
		};
		018DB41D2086FF83000F976F /* Sources */ = {
			isa = PBXSourcesBuildPhase;
			buildActionMask = 2147483647;
			files = (
				018DB4262086FF83000F976F /* FinancingAppTests.swift in Sources */,
			);
			runOnlyForDeploymentPostprocessing = 0;
		};
		018DB4282086FF83000F976F /* Sources */ = {
			isa = PBXSourcesBuildPhase;
			buildActionMask = 2147483647;
			files = (
				018DB4312086FF83000F976F /* FinancingAppUITests.swift in Sources */,
			);
			runOnlyForDeploymentPostprocessing = 0;
		};
/* End PBXSourcesBuildPhase section */

/* Begin PBXTargetDependency section */
		018DB4232086FF83000F976F /* PBXTargetDependency */ = {
			isa = PBXTargetDependency;
			target = 018DB40C2086FF81000F976F /* FinancingApp */;
			targetProxy = 018DB4222086FF83000F976F /* PBXContainerItemProxy */;
		};
		018DB42E2086FF83000F976F /* PBXTargetDependency */ = {
			isa = PBXTargetDependency;
			target = 018DB40C2086FF81000F976F /* FinancingApp */;
			targetProxy = 018DB42D2086FF83000F976F /* PBXContainerItemProxy */;
		};
/* End PBXTargetDependency section */

/* Begin PBXVariantGroup section */
		018DB4142086FF81000F976F /* Main.storyboard */ = {
			isa = PBXVariantGroup;
			children = (
				018DB4152086FF81000F976F /* Base */,
			);
			name = Main.storyboard;
			sourceTree = "<group>";
		};
		018DB4192086FF83000F976F /* LaunchScreen.storyboard */ = {
			isa = PBXVariantGroup;
			children = (
				018DB41A2086FF83000F976F /* Base */,
			);
			name = LaunchScreen.storyboard;
			sourceTree = "<group>";
		};
/* End PBXVariantGroup section */

/* Begin XCBuildConfiguration section */
		018DB4332086FF83000F976F /* Debug */ = {
			isa = XCBuildConfiguration;
			buildSettings = {
				ALWAYS_SEARCH_USER_PATHS = NO;
				CLANG_ANALYZER_NONNULL = YES;
				CLANG_ANALYZER_NUMBER_OBJECT_CONVERSION = YES_AGGRESSIVE;
				CLANG_CXX_LANGUAGE_STANDARD = "gnu++14";
				CLANG_CXX_LIBRARY = "libc++";
				CLANG_ENABLE_MODULES = YES;
				CLANG_ENABLE_OBJC_ARC = YES;
				CLANG_ENABLE_OBJC_WEAK = YES;
				CLANG_WARN_BLOCK_CAPTURE_AUTORELEASING = YES;
				CLANG_WARN_BOOL_CONVERSION = YES;
				CLANG_WARN_COMMA = YES;
				CLANG_WARN_CONSTANT_CONVERSION = YES;
				CLANG_WARN_DEPRECATED_OBJC_IMPLEMENTATIONS = YES;
				CLANG_WARN_DIRECT_OBJC_ISA_USAGE = YES_ERROR;
				CLANG_WARN_DOCUMENTATION_COMMENTS = YES;
				CLANG_WARN_EMPTY_BODY = YES;
				CLANG_WARN_ENUM_CONVERSION = YES;
				CLANG_WARN_INFINITE_RECURSION = YES;
				CLANG_WARN_INT_CONVERSION = YES;
				CLANG_WARN_NON_LITERAL_NULL_CONVERSION = YES;
				CLANG_WARN_OBJC_IMPLICIT_RETAIN_SELF = YES;
				CLANG_WARN_OBJC_LITERAL_CONVERSION = YES;
				CLANG_WARN_OBJC_ROOT_CLASS = YES_ERROR;
				CLANG_WARN_RANGE_LOOP_ANALYSIS = YES;
				CLANG_WARN_STRICT_PROTOTYPES = YES;
				CLANG_WARN_SUSPICIOUS_MOVE = YES;
				CLANG_WARN_UNGUARDED_AVAILABILITY = YES_AGGRESSIVE;
				CLANG_WARN_UNREACHABLE_CODE = YES;
				CLANG_WARN__DUPLICATE_METHOD_MATCH = YES;
				CODE_SIGN_IDENTITY = "iPhone Developer";
				COPY_PHASE_STRIP = NO;
				DEBUG_INFORMATION_FORMAT = dwarf;
				ENABLE_STRICT_OBJC_MSGSEND = YES;
				ENABLE_TESTABILITY = YES;
				GCC_C_LANGUAGE_STANDARD = gnu11;
				GCC_DYNAMIC_NO_PIC = NO;
				GCC_NO_COMMON_BLOCKS = YES;
				GCC_OPTIMIZATION_LEVEL = 0;
				GCC_PREPROCESSOR_DEFINITIONS = (
					"DEBUG=1",
					"$(inherited)",
				);
				GCC_WARN_64_TO_32_BIT_CONVERSION = YES;
				GCC_WARN_ABOUT_RETURN_TYPE = YES_ERROR;
				GCC_WARN_UNDECLARED_SELECTOR = YES;
				GCC_WARN_UNINITIALIZED_AUTOS = YES_AGGRESSIVE;
				GCC_WARN_UNUSED_FUNCTION = YES;
				GCC_WARN_UNUSED_VARIABLE = YES;
				IPHONEOS_DEPLOYMENT_TARGET = 11.3;
				MTL_ENABLE_DEBUG_INFO = YES;
				ONLY_ACTIVE_ARCH = YES;
				SDKROOT = iphoneos;
				SWIFT_ACTIVE_COMPILATION_CONDITIONS = DEBUG;
				SWIFT_OPTIMIZATION_LEVEL = "-Onone";
			};
			name = Debug;
		};
		018DB4342086FF83000F976F /* Release */ = {
			isa = XCBuildConfiguration;
			buildSettings = {
				ALWAYS_SEARCH_USER_PATHS = NO;
				CLANG_ANALYZER_NONNULL = YES;
				CLANG_ANALYZER_NUMBER_OBJECT_CONVERSION = YES_AGGRESSIVE;
				CLANG_CXX_LANGUAGE_STANDARD = "gnu++14";
				CLANG_CXX_LIBRARY = "libc++";
				CLANG_ENABLE_MODULES = YES;
				CLANG_ENABLE_OBJC_ARC = YES;
				CLANG_ENABLE_OBJC_WEAK = YES;
				CLANG_WARN_BLOCK_CAPTURE_AUTORELEASING = YES;
				CLANG_WARN_BOOL_CONVERSION = YES;
				CLANG_WARN_COMMA = YES;
				CLANG_WARN_CONSTANT_CONVERSION = YES;
				CLANG_WARN_DEPRECATED_OBJC_IMPLEMENTATIONS = YES;
				CLANG_WARN_DIRECT_OBJC_ISA_USAGE = YES_ERROR;
				CLANG_WARN_DOCUMENTATION_COMMENTS = YES;
				CLANG_WARN_EMPTY_BODY = YES;
				CLANG_WARN_ENUM_CONVERSION = YES;
				CLANG_WARN_INFINITE_RECURSION = YES;
				CLANG_WARN_INT_CONVERSION = YES;
				CLANG_WARN_NON_LITERAL_NULL_CONVERSION = YES;
				CLANG_WARN_OBJC_IMPLICIT_RETAIN_SELF = YES;
				CLANG_WARN_OBJC_LITERAL_CONVERSION = YES;
				CLANG_WARN_OBJC_ROOT_CLASS = YES_ERROR;
				CLANG_WARN_RANGE_LOOP_ANALYSIS = YES;
				CLANG_WARN_STRICT_PROTOTYPES = YES;
				CLANG_WARN_SUSPICIOUS_MOVE = YES;
				CLANG_WARN_UNGUARDED_AVAILABILITY = YES_AGGRESSIVE;
				CLANG_WARN_UNREACHABLE_CODE = YES;
				CLANG_WARN__DUPLICATE_METHOD_MATCH = YES;
				CODE_SIGN_IDENTITY = "iPhone Developer";
				COPY_PHASE_STRIP = NO;
				DEBUG_INFORMATION_FORMAT = "dwarf-with-dsym";
				ENABLE_NS_ASSERTIONS = NO;
				ENABLE_STRICT_OBJC_MSGSEND = YES;
				GCC_C_LANGUAGE_STANDARD = gnu11;
				GCC_NO_COMMON_BLOCKS = YES;
				GCC_WARN_64_TO_32_BIT_CONVERSION = YES;
				GCC_WARN_ABOUT_RETURN_TYPE = YES_ERROR;
				GCC_WARN_UNDECLARED_SELECTOR = YES;
				GCC_WARN_UNINITIALIZED_AUTOS = YES_AGGRESSIVE;
				GCC_WARN_UNUSED_FUNCTION = YES;
				GCC_WARN_UNUSED_VARIABLE = YES;
				IPHONEOS_DEPLOYMENT_TARGET = 11.3;
				MTL_ENABLE_DEBUG_INFO = NO;
				SDKROOT = iphoneos;
				SWIFT_COMPILATION_MODE = wholemodule;
				SWIFT_OPTIMIZATION_LEVEL = "-O";
				VALIDATE_PRODUCT = YES;
			};
			name = Release;
		};
		018DB4362086FF83000F976F /* Debug */ = {
			isa = XCBuildConfiguration;
			buildSettings = {
				ASSETCATALOG_COMPILER_APPICON_NAME = AppIcon;
				CODE_SIGN_STYLE = Automatic;
				INFOPLIST_FILE = FinancingApp/Info.plist;
				LD_RUNPATH_SEARCH_PATHS = (
					"$(inherited)",
					"@executable_path/Frameworks",
				);
				PRODUCT_BUNDLE_IDENTIFIER = Nick.FinancingApp;
				PRODUCT_NAME = "$(TARGET_NAME)";
				SWIFT_VERSION = 4.0;
				TARGETED_DEVICE_FAMILY = "1,2";
			};
			name = Debug;
		};
		018DB4372086FF83000F976F /* Release */ = {
			isa = XCBuildConfiguration;
			buildSettings = {
				ASSETCATALOG_COMPILER_APPICON_NAME = AppIcon;
				CODE_SIGN_STYLE = Automatic;
				INFOPLIST_FILE = FinancingApp/Info.plist;
				LD_RUNPATH_SEARCH_PATHS = (
					"$(inherited)",
					"@executable_path/Frameworks",
				);
				PRODUCT_BUNDLE_IDENTIFIER = Nick.FinancingApp;
				PRODUCT_NAME = "$(TARGET_NAME)";
				SWIFT_VERSION = 4.0;
				TARGETED_DEVICE_FAMILY = "1,2";
			};
			name = Release;
		};
		018DB4392086FF83000F976F /* Debug */ = {
			isa = XCBuildConfiguration;
			buildSettings = {
				ALWAYS_EMBED_SWIFT_STANDARD_LIBRARIES = YES;
				BUNDLE_LOADER = "$(TEST_HOST)";
				CODE_SIGN_STYLE = Automatic;
				INFOPLIST_FILE = FinancingAppTests/Info.plist;
				LD_RUNPATH_SEARCH_PATHS = (
					"$(inherited)",
					"@executable_path/Frameworks",
					"@loader_path/Frameworks",
				);
				PRODUCT_BUNDLE_IDENTIFIER = Nick.FinancingAppTests;
				PRODUCT_NAME = "$(TARGET_NAME)";
				SWIFT_VERSION = 4.0;
				TARGETED_DEVICE_FAMILY = "1,2";
				TEST_HOST = "$(BUILT_PRODUCTS_DIR)/FinancingApp.app/FinancingApp";
			};
			name = Debug;
		};
		018DB43A2086FF83000F976F /* Release */ = {
			isa = XCBuildConfiguration;
			buildSettings = {
				ALWAYS_EMBED_SWIFT_STANDARD_LIBRARIES = YES;
				BUNDLE_LOADER = "$(TEST_HOST)";
				CODE_SIGN_STYLE = Automatic;
				INFOPLIST_FILE = FinancingAppTests/Info.plist;
				LD_RUNPATH_SEARCH_PATHS = (
					"$(inherited)",
					"@executable_path/Frameworks",
					"@loader_path/Frameworks",
				);
				PRODUCT_BUNDLE_IDENTIFIER = Nick.FinancingAppTests;
				PRODUCT_NAME = "$(TARGET_NAME)";
				SWIFT_VERSION = 4.0;
				TARGETED_DEVICE_FAMILY = "1,2";
				TEST_HOST = "$(BUILT_PRODUCTS_DIR)/FinancingApp.app/FinancingApp";
			};
			name = Release;
		};
		018DB43C2086FF83000F976F /* Debug */ = {
			isa = XCBuildConfiguration;
			buildSettings = {
				ALWAYS_EMBED_SWIFT_STANDARD_LIBRARIES = YES;
				CODE_SIGN_STYLE = Automatic;
				INFOPLIST_FILE = FinancingAppUITests/Info.plist;
				LD_RUNPATH_SEARCH_PATHS = (
					"$(inherited)",
					"@executable_path/Frameworks",
					"@loader_path/Frameworks",
				);
				PRODUCT_BUNDLE_IDENTIFIER = Nick.FinancingAppUITests;
				PRODUCT_NAME = "$(TARGET_NAME)";
				SWIFT_VERSION = 4.0;
				TARGETED_DEVICE_FAMILY = "1,2";
				TEST_TARGET_NAME = FinancingApp;
			};
			name = Debug;
		};
		018DB43D2086FF83000F976F /* Release */ = {
			isa = XCBuildConfiguration;
			buildSettings = {
				ALWAYS_EMBED_SWIFT_STANDARD_LIBRARIES = YES;
				CODE_SIGN_STYLE = Automatic;
				INFOPLIST_FILE = FinancingAppUITests/Info.plist;
				LD_RUNPATH_SEARCH_PATHS = (
					"$(inherited)",
					"@executable_path/Frameworks",
					"@loader_path/Frameworks",
				);
				PRODUCT_BUNDLE_IDENTIFIER = Nick.FinancingAppUITests;
				PRODUCT_NAME = "$(TARGET_NAME)";
				SWIFT_VERSION = 4.0;
				TARGETED_DEVICE_FAMILY = "1,2";
				TEST_TARGET_NAME = FinancingApp;
			};
			name = Release;
		};
/* End XCBuildConfiguration section */

/* Begin XCConfigurationList section */
		018DB4082086FF81000F976F /* Build configuration list for PBXProject "FinancingApp" */ = {
			isa = XCConfigurationList;
			buildConfigurations = (
				018DB4332086FF83000F976F /* Debug */,
				018DB4342086FF83000F976F /* Release */,
			);
			defaultConfigurationIsVisible = 0;
			defaultConfigurationName = Release;
		};
		018DB4352086FF83000F976F /* Build configuration list for PBXNativeTarget "FinancingApp" */ = {
			isa = XCConfigurationList;
			buildConfigurations = (
				018DB4362086FF83000F976F /* Debug */,
				018DB4372086FF83000F976F /* Release */,
			);
			defaultConfigurationIsVisible = 0;
			defaultConfigurationName = Release;
		};
		018DB4382086FF83000F976F /* Build configuration list for PBXNativeTarget "FinancingAppTests" */ = {
			isa = XCConfigurationList;
			buildConfigurations = (
				018DB4392086FF83000F976F /* Debug */,
				018DB43A2086FF83000F976F /* Release */,
			);
			defaultConfigurationIsVisible = 0;
			defaultConfigurationName = Release;
		};
		018DB43B2086FF83000F976F /* Build configuration list for PBXNativeTarget "FinancingAppUITests" */ = {
			isa = XCConfigurationList;
			buildConfigurations = (
				018DB43C2086FF83000F976F /* Debug */,
				018DB43D2086FF83000F976F /* Release */,
			);
			defaultConfigurationIsVisible = 0;
			defaultConfigurationName = Release;
		};
/* End XCConfigurationList section */
	};
	rootObject = 018DB4052086FF81000F976F /* Project object */;
}
